
Microsoft Visual Studio Solution File, Format Version 11.00
# Visual Studio 2010
Project("{FAE04EC0-301F-11D3-BF4B-00C04F79EFBC}") = "Assembly-CSharp", "Assembly-CSharp.csproj", "{0f3142a1-8879-f030-8cbd-906452994f43}"
EndProject
Project("{FAE04EC0-301F-11D3-BF4B-00C04F79EFBC}") = "Assembly-CSharp-Editor", "Assembly-CSharp-Editor.csproj", "{cf4b14e1-3cb1-506d-1f33-cfa60bda5025}"
EndProject
Global
	GlobalSection(SolutionConfigurationPlatforms) = preSolution
		Debug|Any CPU = Debug|Any CPU
	EndGlobalSection
	GlobalSection(ProjectConfigurationPlatforms) = postSolution
		{0f3142a1-8879-f030-8cbd-906452994f43}.Debug|Any CPU.ActiveCfg = Debug|Any CPU
		{0f3142a1-8879-f030-8cbd-906452994f43}.Debug|Any CPU.Build.0 = Debug|Any CPU
		{cf4b14e1-3cb1-506d-1f33-cfa60bda5025}.Debug|Any CPU.ActiveCfg = Debug|Any CPU
		{cf4b14e1-3cb1-506d-1f33-cfa60bda5025}.Debug|Any CPU.Build.0 = Debug|Any CPU
	EndGlobalSection
	GlobalSection(SolutionProperties) = preSolution
		HideSolutionNode = FALSE
	EndGlobalSection
EndGlobal
